
Microsoft Visual Studio Solution File, Format Version 12.00
# Visual Studio Version 17
VisualStudioVersion = 17.9.34728.123
MinimumVisualStudioVersion = 10.0.40219.1
Project("{FAE04EC0-301F-11D3-BF4B-00C04F79EFBC}") = "Poseidon", "Poseidon\Poseidon.csproj", "{2A466BF3-ACEB-4B79-B319-43C3BA406272}"
EndProject
Project("{FAE04EC0-301F-11D3-BF4B-00C04F79EFBC}") = "Poseidon.Tests", "Poseidon.Tests\Poseidon.Tests.csproj", "{4AC09133-3443-4B08-8B51-11EFB1BA9DDA}"
EndProject
Global
	GlobalSection(SolutionConfigurationPlatforms) = preSolution
		Debug|Any CPU = Debug|Any CPU
		Release|Any CPU = Release|Any CPU
	EndGlobalSection
	GlobalSection(ProjectConfigurationPlatforms) = postSolution
		{2A466BF3-ACEB-4B79-B319-43C3BA406272}.Debug|Any CPU.ActiveCfg = Debug|Any CPU
		{2A466BF3-ACEB-4B79-B319-43C3BA406272}.Debug|Any CPU.Build.0 = Debug|Any CPU
		{2A466BF3-ACEB-4B79-B319-43C3BA406272}.Release|Any CPU.ActiveCfg = Release|Any CPU
		{2A466BF3-ACEB-4B79-B319-43C3BA406272}.Release|Any CPU.Build.0 = Release|Any CPU
		{4AC09133-3443-4B08-8B51-11EFB1BA9DDA}.Debug|Any CPU.ActiveCfg = Debug|Any CPU
		{4AC09133-3443-4B08-8B51-11EFB1BA9DDA}.Debug|Any CPU.Build.0 = Debug|Any CPU
		{4AC09133-3443-4B08-8B51-11EFB1BA9DDA}.Release|Any CPU.ActiveCfg = Release|Any CPU
		{4AC09133-3443-4B08-8B51-11EFB1BA9DDA}.Release|Any CPU.Build.0 = Release|Any CPU
	EndGlobalSection
	GlobalSection(SolutionProperties) = preSolution
		HideSolutionNode = FALSE
	EndGlobalSection
	GlobalSection(ExtensibilityGlobals) = postSolution
		SolutionGuid = {A1BD5E09-D8F4-4278-A6DD-31681B872164}
	EndGlobalSection
EndGlobal
